// !$*UTF8*$!
{
	archiveVersion = 1;
	classes = {
	};
	objectVersion = 46;
	objects = {

/* Begin PBXBuildFile section */
		DD55F5391C9BF4AD007CAAA0 /* libSwiftyJSON.dylib in Frameworks */ = {isa = PBXBuildFile; fileRef = DD55F5381C9BF4AD007CAAA0 /* libSwiftyJSON.dylib */; };
		DD640B791C9B7A42008FA73D /* libCryptoSwift.dylib in Frameworks */ = {isa = PBXBuildFile; fileRef = DD640B781C9B7A42008FA73D /* libCryptoSwift.dylib */; };
		DD644DB51C9E480A009C218A /* Random.swift in Sources */ = {isa = PBXBuildFile; fileRef = DD644DB41C9E480A009C218A /* Random.swift */; };
		DD644DB71C9E5590009C218A /* Date.swift in Sources */ = {isa = PBXBuildFile; fileRef = DD644DB61C9E5590009C218A /* Date.swift */; };
		DD644DB91C9E6496009C218A /* Constant.swift in Sources */ = {isa = PBXBuildFile; fileRef = DD644DB81C9E6496009C218A /* Constant.swift */; };
		DD644DBC1C9E6521009C218A /* UserDao.swift in Sources */ = {isa = PBXBuildFile; fileRef = DD644DBB1C9E6521009C218A /* UserDao.swift */; };
		DD7D57B11C9AA4E800769DF3 /* AppDelegate.swift in Sources */ = {isa = PBXBuildFile; fileRef = DD7D57B01C9AA4E800769DF3 /* AppDelegate.swift */; };
		DD7D57B31C9AA4E800769DF3 /* ViewController.swift in Sources */ = {isa = PBXBuildFile; fileRef = DD7D57B21C9AA4E800769DF3 /* ViewController.swift */; };
		DD7D57B51C9AA4E800769DF3 /* Assets.xcassets in Resources */ = {isa = PBXBuildFile; fileRef = DD7D57B41C9AA4E800769DF3 /* Assets.xcassets */; };
		DD7D57B81C9AA4E800769DF3 /* Main.storyboard in Resources */ = {isa = PBXBuildFile; fileRef = DD7D57B61C9AA4E800769DF3 /* Main.storyboard */; };
		DD7D57C11C9AA56F00769DF3 /* libMySQL.dylib in Frameworks */ = {isa = PBXBuildFile; fileRef = DD7D57BF1C9AA56F00769DF3 /* libMySQL.dylib */; };
		DD7D57C21C9AA56F00769DF3 /* libVapor.dylib in Frameworks */ = {isa = PBXBuildFile; fileRef = DD7D57C01C9AA56F00769DF3 /* libVapor.dylib */; };
		DD7D57CB1C9AA5A000769DF3 /* ArticleController.swift in Sources */ = {isa = PBXBuildFile; fileRef = DD7D57C41C9AA5A000769DF3 /* ArticleController.swift */; };
		DD7D57CC1C9AA5A000769DF3 /* CatchController.swift in Sources */ = {isa = PBXBuildFile; fileRef = DD7D57C51C9AA5A000769DF3 /* CatchController.swift */; };
		DD7D57CD1C9AA5A000769DF3 /* UserController.swift in Sources */ = {isa = PBXBuildFile; fileRef = DD7D57C61C9AA5A000769DF3 /* UserController.swift */; };
		DD7D57CE1C9AA5A000769DF3 /* LogMiddleware.swift in Sources */ = {isa = PBXBuildFile; fileRef = DD7D57C81C9AA5A000769DF3 /* LogMiddleware.swift */; };
		DD7D57CF1C9AA5A000769DF3 /* User.swift in Sources */ = {isa = PBXBuildFile; fileRef = DD7D57CA1C9AA5A000769DF3 /* User.swift */; };
		DD8310DA1C9D6C6D0035C92D /* libRegex.dylib in Frameworks */ = {isa = PBXBuildFile; fileRef = DD8310D91C9D6C6D0035C92D /* libRegex.dylib */; };
		DDCB18A61C9BC7C400A993F4 /* Errors.swift in Sources */ = {isa = PBXBuildFile; fileRef = DDCB18A51C9BC7C400A993F4 /* Errors.swift */; };
		DDCB18A81C9BC87B00A993F4 /* Controller+Common.swift in Sources */ = {isa = PBXBuildFile; fileRef = DDCB18A71C9BC87B00A993F4 /* Controller+Common.swift */; };
		DDCE8E1C1C9AAF4E000B8DA9 /* SwiftGGAppServer.swift in Sources */ = {isa = PBXBuildFile; fileRef = DDCE8E1B1C9AAF4E000B8DA9 /* SwiftGGAppServer.swift */; };
/* End PBXBuildFile section */

/* Begin PBXFileReference section */
		DD55F5381C9BF4AD007CAAA0 /* libSwiftyJSON.dylib */ = {isa = PBXFileReference; lastKnownFileType = "compiled.mach-o.dylib"; name = libSwiftyJSON.dylib; path = ../../.build/debug/libSwiftyJSON.dylib; sourceTree = "<group>"; };
		DD640B781C9B7A42008FA73D /* libCryptoSwift.dylib */ = {isa = PBXFileReference; lastKnownFileType = "compiled.mach-o.dylib"; name = libCryptoSwift.dylib; path = ../../.build/debug/libCryptoSwift.dylib; sourceTree = "<group>"; };
		DD644DB41C9E480A009C218A /* Random.swift */ = {isa = PBXFileReference; fileEncoding = 4; lastKnownFileType = sourcecode.swift; path = Random.swift; sourceTree = "<group>"; };
		DD644DB61C9E5590009C218A /* Date.swift */ = {isa = PBXFileReference; fileEncoding = 4; lastKnownFileType = sourcecode.swift; path = Date.swift; sourceTree = "<group>"; };
		DD644DB81C9E6496009C218A /* Constant.swift */ = {isa = PBXFileReference; fileEncoding = 4; lastKnownFileType = sourcecode.swift; name = Constant.swift; path = ../../Sources/SwiftGGAppServer/Constant.swift; sourceTree = "<group>"; };
		DD644DBB1C9E6521009C218A /* UserDao.swift */ = {isa = PBXFileReference; fileEncoding = 4; lastKnownFileType = sourcecode.swift; path = UserDao.swift; sourceTree = "<group>"; };
		DD7D57AD1C9AA4E800769DF3 /* SwiftGGAppServer.app */ = {isa = PBXFileReference; explicitFileType = wrapper.application; includeInIndex = 0; path = SwiftGGAppServer.app; sourceTree = BUILT_PRODUCTS_DIR; };
		DD7D57B01C9AA4E800769DF3 /* AppDelegate.swift */ = {isa = PBXFileReference; lastKnownFileType = sourcecode.swift; path = AppDelegate.swift; sourceTree = "<group>"; };
		DD7D57B21C9AA4E800769DF3 /* ViewController.swift */ = {isa = PBXFileReference; lastKnownFileType = sourcecode.swift; path = ViewController.swift; sourceTree = "<group>"; };
		DD7D57B41C9AA4E800769DF3 /* Assets.xcassets */ = {isa = PBXFileReference; lastKnownFileType = folder.assetcatalog; path = Assets.xcassets; sourceTree = "<group>"; };
		DD7D57B71C9AA4E800769DF3 /* Base */ = {isa = PBXFileReference; lastKnownFileType = file.storyboard; name = Base; path = Base.lproj/Main.storyboard; sourceTree = "<group>"; };
		DD7D57B91C9AA4E800769DF3 /* Info.plist */ = {isa = PBXFileReference; lastKnownFileType = text.plist.xml; path = Info.plist; sourceTree = "<group>"; };
		DD7D57BF1C9AA56F00769DF3 /* libMySQL.dylib */ = {isa = PBXFileReference; lastKnownFileType = "compiled.mach-o.dylib"; name = libMySQL.dylib; path = ../../.build/debug/libMySQL.dylib; sourceTree = "<group>"; };
		DD7D57C01C9AA56F00769DF3 /* libVapor.dylib */ = {isa = PBXFileReference; lastKnownFileType = "compiled.mach-o.dylib"; name = libVapor.dylib; path = ../../.build/debug/libVapor.dylib; sourceTree = "<group>"; };
		DD7D57C41C9AA5A000769DF3 /* ArticleController.swift */ = {isa = PBXFileReference; fileEncoding = 4; lastKnownFileType = sourcecode.swift; path = ArticleController.swift; sourceTree = "<group>"; };
		DD7D57C51C9AA5A000769DF3 /* CatchController.swift */ = {isa = PBXFileReference; fileEncoding = 4; lastKnownFileType = sourcecode.swift; path = CatchController.swift; sourceTree = "<group>"; };
		DD7D57C61C9AA5A000769DF3 /* UserController.swift */ = {isa = PBXFileReference; fileEncoding = 4; lastKnownFileType = sourcecode.swift; path = UserController.swift; sourceTree = "<group>"; };
		DD7D57C81C9AA5A000769DF3 /* LogMiddleware.swift */ = {isa = PBXFileReference; fileEncoding = 4; lastKnownFileType = sourcecode.swift; path = LogMiddleware.swift; sourceTree = "<group>"; };
		DD7D57CA1C9AA5A000769DF3 /* User.swift */ = {isa = PBXFileReference; fileEncoding = 4; lastKnownFileType = sourcecode.swift; path = User.swift; sourceTree = "<group>"; };
		DD8310D91C9D6C6D0035C92D /* libRegex.dylib */ = {isa = PBXFileReference; lastKnownFileType = "compiled.mach-o.dylib"; name = libRegex.dylib; path = ../../.build/debug/libRegex.dylib; sourceTree = "<group>"; };
		DDCB18A51C9BC7C400A993F4 /* Errors.swift */ = {isa = PBXFileReference; fileEncoding = 4; lastKnownFileType = sourcecode.swift; name = Errors.swift; path = ../../Sources/SwiftGGAppServer/Errors.swift; sourceTree = "<group>"; };
		DDCB18A71C9BC87B00A993F4 /* Controller+Common.swift */ = {isa = PBXFileReference; fileEncoding = 4; lastKnownFileType = sourcecode.swift; path = "Controller+Common.swift"; sourceTree = "<group>"; };
		DDCE8E1B1C9AAF4E000B8DA9 /* SwiftGGAppServer.swift */ = {isa = PBXFileReference; fileEncoding = 4; lastKnownFileType = sourcecode.swift; name = SwiftGGAppServer.swift; path = ../../Sources/SwiftGGAppServer/SwiftGGAppServer.swift; sourceTree = "<group>"; };
/* End PBXFileReference section */

/* Begin PBXFrameworksBuildPhase section */
		DD7D57AA1C9AA4E700769DF3 /* Frameworks */ = {
			isa = PBXFrameworksBuildPhase;
			buildActionMask = 2147483647;
			files = (
				DD8310DA1C9D6C6D0035C92D /* libRegex.dylib in Frameworks */,
				DD55F5391C9BF4AD007CAAA0 /* libSwiftyJSON.dylib in Frameworks */,
				DD640B791C9B7A42008FA73D /* libCryptoSwift.dylib in Frameworks */,
				DD7D57C11C9AA56F00769DF3 /* libMySQL.dylib in Frameworks */,
				DD7D57C21C9AA56F00769DF3 /* libVapor.dylib in Frameworks */,
			);
			runOnlyForDeploymentPostprocessing = 0;
		};
/* End PBXFrameworksBuildPhase section */

/* Begin PBXGroup section */
		DD644DB31C9E464C009C218A /* Tools */ = {
			isa = PBXGroup;
			children = (
				DD644DB41C9E480A009C218A /* Random.swift */,
				DD644DB61C9E5590009C218A /* Date.swift */,
			);
			name = Tools;
			path = ../../Sources/SwiftGGAppServer/Tools;
			sourceTree = "<group>";
		};
		DD644DBA1C9E650B009C218A /* Dao */ = {
			isa = PBXGroup;
			children = (
				DD644DBB1C9E6521009C218A /* UserDao.swift */,
			);
			name = Dao;
			path = ../../Sources/SwiftGGAppServer/Dao;
			sourceTree = "<group>";
		};
		DD7D57A41C9AA4E700769DF3 = {
			isa = PBXGroup;
			children = (
				DD7D57AF1C9AA4E800769DF3 /* SwiftGGAppServer */,
				DD7D57AE1C9AA4E800769DF3 /* Products */,
			);
			sourceTree = "<group>";
		};
		DD7D57AE1C9AA4E800769DF3 /* Products */ = {
			isa = PBXGroup;
			children = (
				DD7D57AD1C9AA4E800769DF3 /* SwiftGGAppServer.app */,
			);
			name = Products;
			sourceTree = "<group>";
		};
		DD7D57AF1C9AA4E800769DF3 /* SwiftGGAppServer */ = {
			isa = PBXGroup;
			children = (
				DD7D57B01C9AA4E800769DF3 /* AppDelegate.swift */,
				DD7D57B21C9AA4E800769DF3 /* ViewController.swift */,
				DDCE8E1B1C9AAF4E000B8DA9 /* SwiftGGAppServer.swift */,
				DD644DB81C9E6496009C218A /* Constant.swift */,
				DDCB18A51C9BC7C400A993F4 /* Errors.swift */,
				DD7D57D01C9AABE800769DF3 /* Assets */,
				DD7D57C31C9AA5A000769DF3 /* Controllers */,
				DD644DBA1C9E650B009C218A /* Dao */,
				DD7D57C91C9AA5A000769DF3 /* Models */,
				DD7D57C71C9AA5A000769DF3 /* Middleware */,
				DD644DB31C9E464C009C218A /* Tools */,
				DD7D57D11C9AAC0E00769DF3 /* Dependencies */,
			);
			path = SwiftGGAppServer;
			sourceTree = "<group>";
		};
		DD7D57C31C9AA5A000769DF3 /* Controllers */ = {
			isa = PBXGroup;
			children = (
				DDCB18A71C9BC87B00A993F4 /* Controller+Common.swift */,
				DD7D57C41C9AA5A000769DF3 /* ArticleController.swift */,
				DD7D57C51C9AA5A000769DF3 /* CatchController.swift */,
				DD7D57C61C9AA5A000769DF3 /* UserController.swift */,
			);
			name = Controllers;
			path = ../../Sources/SwiftGGAppServer/Controllers;
			sourceTree = "<group>";
		};
		DD7D57C71C9AA5A000769DF3 /* Middleware */ = {
			isa = PBXGroup;
			children = (
				DD7D57C81C9AA5A000769DF3 /* LogMiddleware.swift */,
			);
			name = Middleware;
			path = ../../Sources/SwiftGGAppServer/Middleware;
			sourceTree = "<group>";
		};
		DD7D57C91C9AA5A000769DF3 /* Models */ = {
			isa = PBXGroup;
			children = (
				DD7D57CA1C9AA5A000769DF3 /* User.swift */,
			);
			name = Models;
			path = ../../Sources/SwiftGGAppServer/Models;
			sourceTree = "<group>";
		};
		DD7D57D01C9AABE800769DF3 /* Assets */ = {
			isa = PBXGroup;
			children = (
				DD7D57B41C9AA4E800769DF3 /* Assets.xcassets */,
				DD7D57B61C9AA4E800769DF3 /* Main.storyboard */,
				DD7D57B91C9AA4E800769DF3 /* Info.plist */,
			);
			name = Assets;
			sourceTree = "<group>";
		};
		DD7D57D11C9AAC0E00769DF3 /* Dependencies */ = {
			isa = PBXGroup;
			children = (
				DD8310D91C9D6C6D0035C92D /* libRegex.dylib */,
				DD55F5381C9BF4AD007CAAA0 /* libSwiftyJSON.dylib */,
				DD640B781C9B7A42008FA73D /* libCryptoSwift.dylib */,
				DD7D57BF1C9AA56F00769DF3 /* libMySQL.dylib */,
				DD7D57C01C9AA56F00769DF3 /* libVapor.dylib */,
			);
			name = Dependencies;
			sourceTree = "<group>";
		};
/* End PBXGroup section */

/* Begin PBXNativeTarget section */
		DD7D57AC1C9AA4E700769DF3 /* SwiftGGAppServer */ = {
			isa = PBXNativeTarget;
			buildConfigurationList = DD7D57BC1C9AA4E800769DF3 /* Build configuration list for PBXNativeTarget "SwiftGGAppServer" */;
			buildPhases = (
				DD7D57A91C9AA4E700769DF3 /* Sources */,
				DD7D57AA1C9AA4E700769DF3 /* Frameworks */,
				DD7D57AB1C9AA4E700769DF3 /* Resources */,
			);
			buildRules = (
			);
			dependencies = (
			);
			name = SwiftGGAppServer;
			productName = SwiftGGAppServer;
			productReference = DD7D57AD1C9AA4E800769DF3 /* SwiftGGAppServer.app */;
			productType = "com.apple.product-type.application";
		};
/* End PBXNativeTarget section */

/* Begin PBXProject section */
		DD7D57A51C9AA4E700769DF3 /* Project object */ = {
			isa = PBXProject;
			attributes = {
				LastSwiftUpdateCheck = 0720;
				LastUpgradeCheck = 0720;
				ORGANIZATIONNAME = SwiftGG;
				TargetAttributes = {
					DD7D57AC1C9AA4E700769DF3 = {
						CreatedOnToolsVersion = 7.2.1;
					};
				};
			};
			buildConfigurationList = DD7D57A81C9AA4E700769DF3 /* Build configuration list for PBXProject "SwiftGGAppServer" */;
			compatibilityVersion = "Xcode 3.2";
			developmentRegion = English;
			hasScannedForEncodings = 0;
			knownRegions = (
				en,
				Base,
			);
			mainGroup = DD7D57A41C9AA4E700769DF3;
			productRefGroup = DD7D57AE1C9AA4E800769DF3 /* Products */;
			projectDirPath = "";
			projectRoot = "";
			targets = (
				DD7D57AC1C9AA4E700769DF3 /* SwiftGGAppServer */,
			);
		};
/* End PBXProject section */

/* Begin PBXResourcesBuildPhase section */
		DD7D57AB1C9AA4E700769DF3 /* Resources */ = {
			isa = PBXResourcesBuildPhase;
			buildActionMask = 2147483647;
			files = (
				DD7D57B51C9AA4E800769DF3 /* Assets.xcassets in Resources */,
				DD7D57B81C9AA4E800769DF3 /* Main.storyboard in Resources */,
			);
			runOnlyForDeploymentPostprocessing = 0;
		};
/* End PBXResourcesBuildPhase section */

/* Begin PBXSourcesBuildPhase section */
		DD7D57A91C9AA4E700769DF3 /* Sources */ = {
			isa = PBXSourcesBuildPhase;
			buildActionMask = 2147483647;
			files = (
				DD7D57CB1C9AA5A000769DF3 /* ArticleController.swift in Sources */,
				DD7D57B31C9AA4E800769DF3 /* ViewController.swift in Sources */,
				DD7D57CE1C9AA5A000769DF3 /* LogMiddleware.swift in Sources */,
				DD644DBC1C9E6521009C218A /* UserDao.swift in Sources */,
				DD7D57CD1C9AA5A000769DF3 /* UserController.swift in Sources */,
				DDCE8E1C1C9AAF4E000B8DA9 /* SwiftGGAppServer.swift in Sources */,
				DD7D57B11C9AA4E800769DF3 /* AppDelegate.swift in Sources */,
				DD644DB91C9E6496009C218A /* Constant.swift in Sources */,
				DD7D57CC1C9AA5A000769DF3 /* CatchController.swift in Sources */,
				DD644DB51C9E480A009C218A /* Random.swift in Sources */,
				DDCB18A61C9BC7C400A993F4 /* Errors.swift in Sources */,
				DDCB18A81C9BC87B00A993F4 /* Controller+Common.swift in Sources */,
				DD644DB71C9E5590009C218A /* Date.swift in Sources */,
				DD7D57CF1C9AA5A000769DF3 /* User.swift in Sources */,
			);
			runOnlyForDeploymentPostprocessing = 0;
		};
/* End PBXSourcesBuildPhase section */

/* Begin PBXVariantGroup section */
		DD7D57B61C9AA4E800769DF3 /* Main.storyboard */ = {
			isa = PBXVariantGroup;
			children = (
				DD7D57B71C9AA4E800769DF3 /* Base */,
			);
			name = Main.storyboard;
			sourceTree = "<group>";
		};
/* End PBXVariantGroup section */

/* Begin XCBuildConfiguration section */
		DD7D57BA1C9AA4E800769DF3 /* Debug */ = {
			isa = XCBuildConfiguration;
			buildSettings = {
				ALWAYS_SEARCH_USER_PATHS = NO;
				CLANG_CXX_LANGUAGE_STANDARD = "gnu++0x";
				CLANG_CXX_LIBRARY = "libc++";
				CLANG_ENABLE_MODULES = YES;
				CLANG_ENABLE_OBJC_ARC = YES;
				CLANG_WARN_BOOL_CONVERSION = YES;
				CLANG_WARN_CONSTANT_CONVERSION = YES;
				CLANG_WARN_DIRECT_OBJC_ISA_USAGE = YES_ERROR;
				CLANG_WARN_EMPTY_BODY = YES;
				CLANG_WARN_ENUM_CONVERSION = YES;
				CLANG_WARN_INT_CONVERSION = YES;
				CLANG_WARN_OBJC_ROOT_CLASS = YES_ERROR;
				CLANG_WARN_UNREACHABLE_CODE = YES;
				CLANG_WARN__DUPLICATE_METHOD_MATCH = YES;
				CODE_SIGN_IDENTITY = "-";
				COPY_PHASE_STRIP = NO;
				DEBUG_INFORMATION_FORMAT = dwarf;
				ENABLE_STRICT_OBJC_MSGSEND = YES;
				ENABLE_TESTABILITY = YES;
				GCC_C_LANGUAGE_STANDARD = gnu99;
				GCC_DYNAMIC_NO_PIC = NO;
				GCC_NO_COMMON_BLOCKS = YES;
				GCC_OPTIMIZATION_LEVEL = 0;
				GCC_PREPROCESSOR_DEFINITIONS = (
					"DEBUG=1",
					"$(inherited)",
				);
				GCC_WARN_64_TO_32_BIT_CONVERSION = YES;
				GCC_WARN_ABOUT_RETURN_TYPE = YES_ERROR;
				GCC_WARN_UNDECLARED_SELECTOR = YES;
				GCC_WARN_UNINITIALIZED_AUTOS = YES_AGGRESSIVE;
				GCC_WARN_UNUSED_FUNCTION = YES;
				GCC_WARN_UNUSED_VARIABLE = YES;
				MACOSX_DEPLOYMENT_TARGET = 10.11;
				MTL_ENABLE_DEBUG_INFO = YES;
				ONLY_ACTIVE_ARCH = YES;
				SDKROOT = macosx;
				SWIFT_OPTIMIZATION_LEVEL = "-Onone";
			};
			name = Debug;
		};
		DD7D57BB1C9AA4E800769DF3 /* Release */ = {
			isa = XCBuildConfiguration;
			buildSettings = {
				ALWAYS_SEARCH_USER_PATHS = NO;
				CLANG_CXX_LANGUAGE_STANDARD = "gnu++0x";
				CLANG_CXX_LIBRARY = "libc++";
				CLANG_ENABLE_MODULES = YES;
				CLANG_ENABLE_OBJC_ARC = YES;
				CLANG_WARN_BOOL_CONVERSION = YES;
				CLANG_WARN_CONSTANT_CONVERSION = YES;
				CLANG_WARN_DIRECT_OBJC_ISA_USAGE = YES_ERROR;
				CLANG_WARN_EMPTY_BODY = YES;
				CLANG_WARN_ENUM_CONVERSION = YES;
				CLANG_WARN_INT_CONVERSION = YES;
				CLANG_WARN_OBJC_ROOT_CLASS = YES_ERROR;
				CLANG_WARN_UNREACHABLE_CODE = YES;
				CLANG_WARN__DUPLICATE_METHOD_MATCH = YES;
				CODE_SIGN_IDENTITY = "-";
				COPY_PHASE_STRIP = NO;
				DEBUG_INFORMATION_FORMAT = "dwarf-with-dsym";
				ENABLE_NS_ASSERTIONS = NO;
				ENABLE_STRICT_OBJC_MSGSEND = YES;
				GCC_C_LANGUAGE_STANDARD = gnu99;
				GCC_NO_COMMON_BLOCKS = YES;
				GCC_WARN_64_TO_32_BIT_CONVERSION = YES;
				GCC_WARN_ABOUT_RETURN_TYPE = YES_ERROR;
				GCC_WARN_UNDECLARED_SELECTOR = YES;
				GCC_WARN_UNINITIALIZED_AUTOS = YES_AGGRESSIVE;
				GCC_WARN_UNUSED_FUNCTION = YES;
				GCC_WARN_UNUSED_VARIABLE = YES;
				MACOSX_DEPLOYMENT_TARGET = 10.11;
				MTL_ENABLE_DEBUG_INFO = NO;
				SDKROOT = macosx;
			};
			name = Release;
		};
		DD7D57BD1C9AA4E800769DF3 /* Debug */ = {
			isa = XCBuildConfiguration;
			buildSettings = {
				ASSETCATALOG_COMPILER_APPICON_NAME = AppIcon;
				COMBINE_HIDPI_IMAGES = YES;
				INFOPLIST_FILE = SwiftGGAppServer/Info.plist;
				LD_RUNPATH_SEARCH_PATHS = "$(inherited) @executable_path/../Frameworks";
				LIBRARY_SEARCH_PATHS = "$(SRCROOT)/../.build/debug";
				PRODUCT_BUNDLE_IDENTIFIER = gg.swift.SwiftGGAppServer;
				PRODUCT_NAME = "$(TARGET_NAME)";
				SWIFT_INCLUDE_PATHS = "$(SRCROOT)/../.build/debug $(SRCROOT)/SwiftGGAppServer/External";
			};
			name = Debug;
		};
		DD7D57BE1C9AA4E800769DF3 /* Release */ = {
			isa = XCBuildConfiguration;
			buildSettings = {
				ASSETCATALOG_COMPILER_APPICON_NAME = AppIcon;
				COMBINE_HIDPI_IMAGES = YES;
				INFOPLIST_FILE = SwiftGGAppServer/Info.plist;
				LD_RUNPATH_SEARCH_PATHS = "$(inherited) @executable_path/../Frameworks";
				LIBRARY_SEARCH_PATHS = "$(SRCROOT)/../.build/debug";
				PRODUCT_BUNDLE_IDENTIFIER = gg.swift.SwiftGGAppServer;
				PRODUCT_NAME = "$(TARGET_NAME)";
				SWIFT_INCLUDE_PATHS = "$(SRCROOT)/../.build/debug $(SRCROOT)/SwiftGGAppServer/External";
			};
			name = Release;
		};
/* End XCBuildConfiguration section */

/* Begin XCConfigurationList section */
		DD7D57A81C9AA4E700769DF3 /* Build configuration list for PBXProject "SwiftGGAppServer" */ = {
			isa = XCConfigurationList;
			buildConfigurations = (
				DD7D57BA1C9AA4E800769DF3 /* Debug */,
				DD7D57BB1C9AA4E800769DF3 /* Release */,
			);
			defaultConfigurationIsVisible = 0;
			defaultConfigurationName = Release;
		};
		DD7D57BC1C9AA4E800769DF3 /* Build configuration list for PBXNativeTarget "SwiftGGAppServer" */ = {
			isa = XCConfigurationList;
			buildConfigurations = (
				DD7D57BD1C9AA4E800769DF3 /* Debug */,
				DD7D57BE1C9AA4E800769DF3 /* Release */,
			);
			defaultConfigurationIsVisible = 0;
			defaultConfigurationName = Release;
		};
/* End XCConfigurationList section */
	};
	rootObject = DD7D57A51C9AA4E700769DF3 /* Project object */;
}
