// !$*UTF8*$!
{
	archiveVersion = 1;
	classes = {
	};
	objectVersion = 46;
	objects = {

/* Begin PBXBuildFile section */
		DD14B0481C97B2C90013725D /* libVapor.dylib in Frameworks */ = {isa = PBXBuildFile; fileRef = DD14B0401C97AD540013725D /* libVapor.dylib */; };
		DD3453F01C97F43900B8E1B9 /* libmysqlclient.dylib in Frameworks */ = {isa = PBXBuildFile; fileRef = DD3453EF1C97F43900B8E1B9 /* libmysqlclient.dylib */; };
		DD8D978D1C992ED800A2CF69 /* ArticleController.swift in Sources */ = {isa = PBXBuildFile; fileRef = DD8D97871C992ED800A2CF69 /* ArticleController.swift */; };
		DD8D978E1C992ED800A2CF69 /* CatchController.swift in Sources */ = {isa = PBXBuildFile; fileRef = DD8D97881C992ED800A2CF69 /* CatchController.swift */; };
		DD8D978F1C992ED800A2CF69 /* UserController.swift in Sources */ = {isa = PBXBuildFile; fileRef = DD8D97891C992ED800A2CF69 /* UserController.swift */; };
		DD8D97901C992ED800A2CF69 /* main.swift in Sources */ = {isa = PBXBuildFile; fileRef = DD8D978A1C992ED800A2CF69 /* main.swift */; };
		DD8D97911C992ED800A2CF69 /* LogMiddleware.swift in Sources */ = {isa = PBXBuildFile; fileRef = DD8D978C1C992ED800A2CF69 /* LogMiddleware.swift */; };
/* End PBXBuildFile section */

/* Begin PBXCopyFilesBuildPhase section */
		DD4F24211C97AADF00A4B76B /* CopyFiles */ = {
			isa = PBXCopyFilesBuildPhase;
			buildActionMask = 2147483647;
			dstPath = /usr/share/man/man1/;
			dstSubfolderSpec = 0;
			files = (
			);
			runOnlyForDeploymentPostprocessing = 1;
		};
/* End PBXCopyFilesBuildPhase section */

/* Begin PBXFileReference section */
		DD14B0401C97AD540013725D /* libVapor.dylib */ = {isa = PBXFileReference; lastKnownFileType = "compiled.mach-o.dylib"; name = libVapor.dylib; path = ../.build/debug/libVapor.dylib; sourceTree = "<group>"; };
		DD14B0441C97B15C0013725D /* Package.swift */ = {isa = PBXFileReference; fileEncoding = 4; lastKnownFileType = sourcecode.swift; name = Package.swift; path = ../Package.swift; sourceTree = "<group>"; };
		DD3453EF1C97F43900B8E1B9 /* libmysqlclient.dylib */ = {isa = PBXFileReference; lastKnownFileType = "compiled.mach-o.dylib"; name = libmysqlclient.dylib; path = /usr/local/lib/libmysqlclient.dylib; sourceTree = "<absolute>"; };
		DD4F24231C97AADF00A4B76B /* SwiftGGAppServer */ = {isa = PBXFileReference; explicitFileType = "compiled.mach-o.executable"; includeInIndex = 0; path = SwiftGGAppServer; sourceTree = BUILT_PRODUCTS_DIR; };
		DD8D97871C992ED800A2CF69 /* ArticleController.swift */ = {isa = PBXFileReference; fileEncoding = 4; lastKnownFileType = sourcecode.swift; path = ArticleController.swift; sourceTree = "<group>"; };
		DD8D97881C992ED800A2CF69 /* CatchController.swift */ = {isa = PBXFileReference; fileEncoding = 4; lastKnownFileType = sourcecode.swift; path = CatchController.swift; sourceTree = "<group>"; };
		DD8D97891C992ED800A2CF69 /* UserController.swift */ = {isa = PBXFileReference; fileEncoding = 4; lastKnownFileType = sourcecode.swift; path = UserController.swift; sourceTree = "<group>"; };
		DD8D978A1C992ED800A2CF69 /* main.swift */ = {isa = PBXFileReference; fileEncoding = 4; lastKnownFileType = sourcecode.swift; path = main.swift; sourceTree = "<group>"; };
		DD8D978C1C992ED800A2CF69 /* LogMiddleware.swift */ = {isa = PBXFileReference; fileEncoding = 4; lastKnownFileType = sourcecode.swift; path = LogMiddleware.swift; sourceTree = "<group>"; };
/* End PBXFileReference section */

/* Begin PBXFrameworksBuildPhase section */
		DD4F24201C97AADF00A4B76B /* Frameworks */ = {
			isa = PBXFrameworksBuildPhase;
			buildActionMask = 2147483647;
			files = (
				DD14B0481C97B2C90013725D /* libVapor.dylib in Frameworks */,
				DD3453F01C97F43900B8E1B9 /* libmysqlclient.dylib in Frameworks */,
			);
			runOnlyForDeploymentPostprocessing = 0;
		};
/* End PBXFrameworksBuildPhase section */

/* Begin PBXGroup section */
		DD14B0471C97B16B0013725D /* Dependencies */ = {
			isa = PBXGroup;
			children = (
				DD3453EF1C97F43900B8E1B9 /* libmysqlclient.dylib */,
				DD14B0401C97AD540013725D /* libVapor.dylib */,
			);
			name = Dependencies;
			sourceTree = "<group>";
		};
		DD4F241A1C97AADF00A4B76B = {
			isa = PBXGroup;
			children = (
				DD14B0441C97B15C0013725D /* Package.swift */,
				DD8D97851C992ED800A2CF69 /* SwiftGGAppServer */,
				DD14B0471C97B16B0013725D /* Dependencies */,
				DD4F24241C97AADF00A4B76B /* Products */,
			);
			sourceTree = "<group>";
		};
		DD4F24241C97AADF00A4B76B /* Products */ = {
			isa = PBXGroup;
			children = (
				DD4F24231C97AADF00A4B76B /* SwiftGGAppServer */,
			);
			name = Products;
			sourceTree = "<group>";
		};
		DD8D97851C992ED800A2CF69 /* SwiftGGAppServer */ = {
			isa = PBXGroup;
			children = (
				DD8D97861C992ED800A2CF69 /* Controllers */,
				DD8D978A1C992ED800A2CF69 /* main.swift */,
				DD8D978B1C992ED800A2CF69 /* Middleware */,
			);
			name = SwiftGGAppServer;
			path = ../Sources/SwiftGGAppServer;
			sourceTree = "<group>";
		};
		DD8D97861C992ED800A2CF69 /* Controllers */ = {
			isa = PBXGroup;
			children = (
				DD8D97871C992ED800A2CF69 /* ArticleController.swift */,
				DD8D97881C992ED800A2CF69 /* CatchController.swift */,
				DD8D97891C992ED800A2CF69 /* UserController.swift */,
			);
			path = Controllers;
			sourceTree = "<group>";
		};
		DD8D978B1C992ED800A2CF69 /* Middleware */ = {
			isa = PBXGroup;
			children = (
				DD8D978C1C992ED800A2CF69 /* LogMiddleware.swift */,
			);
			path = Middleware;
			sourceTree = "<group>";
		};
/* End PBXGroup section */

/* Begin PBXNativeTarget section */
		DD4F24221C97AADF00A4B76B /* SwiftGGAppServer */ = {
			isa = PBXNativeTarget;
			buildConfigurationList = DD4F242A1C97AADF00A4B76B /* Build configuration list for PBXNativeTarget "SwiftGGAppServer" */;
			buildPhases = (
				DD14B03F1C97AC8B0013725D /* Swift Build Dependencies */,
				DD4F241F1C97AADF00A4B76B /* Sources */,
				DD4F24201C97AADF00A4B76B /* Frameworks */,
				DD4F24211C97AADF00A4B76B /* CopyFiles */,
			);
			buildRules = (
			);
			dependencies = (
			);
			name = SwiftGGAppServer;
			productName = SwiftGGAppServer;
			productReference = DD4F24231C97AADF00A4B76B /* SwiftGGAppServer */;
			productType = "com.apple.product-type.tool";
		};
/* End PBXNativeTarget section */

/* Begin PBXProject section */
		DD4F241B1C97AADF00A4B76B /* Project object */ = {
			isa = PBXProject;
			attributes = {
				LastSwiftUpdateCheck = 0720;
				LastUpgradeCheck = 0720;
				ORGANIZATIONNAME = SwiftGG;
				TargetAttributes = {
					DD4F24221C97AADF00A4B76B = {
						CreatedOnToolsVersion = 7.2.1;
					};
				};
			};
			buildConfigurationList = DD4F241E1C97AADF00A4B76B /* Build configuration list for PBXProject "SwiftGGAppServer" */;
			compatibilityVersion = "Xcode 3.2";
			developmentRegion = English;
			hasScannedForEncodings = 0;
			knownRegions = (
				en,
			);
			mainGroup = DD4F241A1C97AADF00A4B76B;
			productRefGroup = DD4F24241C97AADF00A4B76B /* Products */;
			projectDirPath = "";
			projectRoot = "";
			targets = (
				DD4F24221C97AADF00A4B76B /* SwiftGGAppServer */,
			);
		};
/* End PBXProject section */

/* Begin PBXShellScriptBuildPhase section */
		DD14B03F1C97AC8B0013725D /* Swift Build Dependencies */ = {
			isa = PBXShellScriptBuildPhase;
			buildActionMask = 2147483647;
			files = (
			);
			inputPaths = (
			);
			name = "Swift Build Dependencies";
			outputPaths = (
			);
			runOnlyForDeploymentPostprocessing = 0;
			shellPath = /bin/sh;
			shellScript = "/Library/Developer/Toolchains/swift-latest.xctoolchain/usr/bin/swift build --chdir \"$SRCROOT\"";
		};
/* End PBXShellScriptBuildPhase section */

/* Begin PBXSourcesBuildPhase section */
		DD4F241F1C97AADF00A4B76B /* Sources */ = {
			isa = PBXSourcesBuildPhase;
			buildActionMask = 2147483647;
			files = (
				DD8D978F1C992ED800A2CF69 /* UserController.swift in Sources */,
				DD8D978D1C992ED800A2CF69 /* ArticleController.swift in Sources */,
				DD8D97901C992ED800A2CF69 /* main.swift in Sources */,
				DD8D978E1C992ED800A2CF69 /* CatchController.swift in Sources */,
				DD8D97911C992ED800A2CF69 /* LogMiddleware.swift in Sources */,
			);
			runOnlyForDeploymentPostprocessing = 0;
		};
/* End PBXSourcesBuildPhase section */

/* Begin XCBuildConfiguration section */
		DD4F24281C97AADF00A4B76B /* Debug */ = {
			isa = XCBuildConfiguration;
			buildSettings = {
				ALWAYS_SEARCH_USER_PATHS = NO;
				CLANG_CXX_LANGUAGE_STANDARD = "gnu++0x";
				CLANG_CXX_LIBRARY = "libc++";
				CLANG_ENABLE_MODULES = YES;
				CLANG_ENABLE_OBJC_ARC = YES;
				CLANG_WARN_BOOL_CONVERSION = YES;
				CLANG_WARN_CONSTANT_CONVERSION = YES;
				CLANG_WARN_DIRECT_OBJC_ISA_USAGE = YES_ERROR;
				CLANG_WARN_EMPTY_BODY = YES;
				CLANG_WARN_ENUM_CONVERSION = YES;
				CLANG_WARN_INT_CONVERSION = YES;
				CLANG_WARN_OBJC_ROOT_CLASS = YES_ERROR;
				CLANG_WARN_UNREACHABLE_CODE = YES;
				CLANG_WARN__DUPLICATE_METHOD_MATCH = YES;
				CODE_SIGN_IDENTITY = "-";
				COPY_PHASE_STRIP = NO;
				DEBUG_INFORMATION_FORMAT = dwarf;
				ENABLE_STRICT_OBJC_MSGSEND = YES;
				ENABLE_TESTABILITY = YES;
				GCC_C_LANGUAGE_STANDARD = gnu99;
				GCC_DYNAMIC_NO_PIC = NO;
				GCC_NO_COMMON_BLOCKS = YES;
				GCC_OPTIMIZATION_LEVEL = 0;
				GCC_PREPROCESSOR_DEFINITIONS = (
					"DEBUG=1",
					"$(inherited)",
				);
				GCC_WARN_64_TO_32_BIT_CONVERSION = YES;
				GCC_WARN_ABOUT_RETURN_TYPE = YES_ERROR;
				GCC_WARN_UNDECLARED_SELECTOR = YES;
				GCC_WARN_UNINITIALIZED_AUTOS = YES_AGGRESSIVE;
				GCC_WARN_UNUSED_FUNCTION = YES;
				GCC_WARN_UNUSED_VARIABLE = YES;
				MACOSX_DEPLOYMENT_TARGET = 10.11;
				MTL_ENABLE_DEBUG_INFO = YES;
				ONLY_ACTIVE_ARCH = YES;
				SDKROOT = macosx;
				SWIFT_OPTIMIZATION_LEVEL = "-Onone";
			};
			name = Debug;
		};
		DD4F24291C97AADF00A4B76B /* Release */ = {
			isa = XCBuildConfiguration;
			buildSettings = {
				ALWAYS_SEARCH_USER_PATHS = NO;
				CLANG_CXX_LANGUAGE_STANDARD = "gnu++0x";
				CLANG_CXX_LIBRARY = "libc++";
				CLANG_ENABLE_MODULES = YES;
				CLANG_ENABLE_OBJC_ARC = YES;
				CLANG_WARN_BOOL_CONVERSION = YES;
				CLANG_WARN_CONSTANT_CONVERSION = YES;
				CLANG_WARN_DIRECT_OBJC_ISA_USAGE = YES_ERROR;
				CLANG_WARN_EMPTY_BODY = YES;
				CLANG_WARN_ENUM_CONVERSION = YES;
				CLANG_WARN_INT_CONVERSION = YES;
				CLANG_WARN_OBJC_ROOT_CLASS = YES_ERROR;
				CLANG_WARN_UNREACHABLE_CODE = YES;
				CLANG_WARN__DUPLICATE_METHOD_MATCH = YES;
				CODE_SIGN_IDENTITY = "-";
				COPY_PHASE_STRIP = NO;
				DEBUG_INFORMATION_FORMAT = "dwarf-with-dsym";
				ENABLE_NS_ASSERTIONS = NO;
				ENABLE_STRICT_OBJC_MSGSEND = YES;
				GCC_C_LANGUAGE_STANDARD = gnu99;
				GCC_NO_COMMON_BLOCKS = YES;
				GCC_WARN_64_TO_32_BIT_CONVERSION = YES;
				GCC_WARN_ABOUT_RETURN_TYPE = YES_ERROR;
				GCC_WARN_UNDECLARED_SELECTOR = YES;
				GCC_WARN_UNINITIALIZED_AUTOS = YES_AGGRESSIVE;
				GCC_WARN_UNUSED_FUNCTION = YES;
				GCC_WARN_UNUSED_VARIABLE = YES;
				MACOSX_DEPLOYMENT_TARGET = 10.11;
				MTL_ENABLE_DEBUG_INFO = NO;
				SDKROOT = macosx;
			};
			name = Release;
		};
		DD4F242B1C97AADF00A4B76B /* Debug */ = {
			isa = XCBuildConfiguration;
			buildSettings = {
				ALWAYS_SEARCH_USER_PATHS = NO;
				CLANG_ENABLE_MODULES = YES;
				HEADER_SEARCH_PATHS = "/usr/local/include/**";
				LD_RUNPATH_SEARCH_PATHS = "$(inherited) @executable_path/../Frameworks @loader_path/../Frameworks";
				LIBRARY_SEARCH_PATHS = (
					"$(SRCROOT)/../.build/debug",
					/usr/local/lib,
				);
				PRODUCT_NAME = "$(TARGET_NAME)";
				SWIFT_INCLUDE_PATHS = "$(SRCROOT)/../.build/debug /usr/local/lib";
				SWIFT_OBJC_BRIDGING_HEADER = "SwiftGGAppServer/SwiftGGAppServer-Bridging-Header.h";
				SWIFT_OPTIMIZATION_LEVEL = "-Onone";
			};
			name = Debug;
		};
		DD4F242C1C97AADF00A4B76B /* Release */ = {
			isa = XCBuildConfiguration;
			buildSettings = {
				ALWAYS_SEARCH_USER_PATHS = NO;
				CLANG_ENABLE_MODULES = YES;
				HEADER_SEARCH_PATHS = "/usr/local/include/**";
				LD_RUNPATH_SEARCH_PATHS = "$(inherited) @executable_path/../Frameworks @loader_path/../Frameworks";
				LIBRARY_SEARCH_PATHS = (
					"$(SRCROOT)/../.build/debug",
					/usr/local/lib,
				);
				PRODUCT_NAME = "$(TARGET_NAME)";
				SWIFT_INCLUDE_PATHS = "$(SRCROOT)/../.build/debug /usr/local/lib";
				SWIFT_OBJC_BRIDGING_HEADER = "SwiftGGAppServer/SwiftGGAppServer-Bridging-Header.h";
			};
			name = Release;
		};
/* End XCBuildConfiguration section */

/* Begin XCConfigurationList section */
		DD4F241E1C97AADF00A4B76B /* Build configuration list for PBXProject "SwiftGGAppServer" */ = {
			isa = XCConfigurationList;
			buildConfigurations = (
				DD4F24281C97AADF00A4B76B /* Debug */,
				DD4F24291C97AADF00A4B76B /* Release */,
			);
			defaultConfigurationIsVisible = 0;
			defaultConfigurationName = Release;
		};
		DD4F242A1C97AADF00A4B76B /* Build configuration list for PBXNativeTarget "SwiftGGAppServer" */ = {
			isa = XCConfigurationList;
			buildConfigurations = (
				DD4F242B1C97AADF00A4B76B /* Debug */,
				DD4F242C1C97AADF00A4B76B /* Release */,
			);
			defaultConfigurationIsVisible = 0;
			defaultConfigurationName = Release;
		};
/* End XCConfigurationList section */
	};
	rootObject = DD4F241B1C97AADF00A4B76B /* Project object */;
}
